
Microsoft Visual Studio Solution File, Format Version 12.00
# Visual Studio 14
VisualStudioVersion = 14.0.24720.0
MinimumVisualStudioVersion = 10.0.40219.1
Project("{FAE04EC0-301F-11D3-BF4B-00C04F79EFBC}") = "WebAPIDemo2", "WebAPIDemo2\WebAPIDemo2.csproj", "{5F43E4A8-F2B5-47B0-9673-1EAAE1293FA3}"
EndProject
Project("{FAE04EC0-301F-11D3-BF4B-00C04F79EFBC}") = "WebAPIDemo2.Tests", "WebAPIDemo2.Tests\WebAPIDemo2.Tests.csproj", "{E3FC66F1-6DCD-421A-9444-9B5FF93A6F8D}"
EndProject
Global
	GlobalSection(SolutionConfigurationPlatforms) = preSolution
		Debug|Any CPU = Debug|Any CPU
		Release|Any CPU = Release|Any CPU
	EndGlobalSection
	GlobalSection(ProjectConfigurationPlatforms) = postSolution
		{5F43E4A8-F2B5-47B0-9673-1EAAE1293FA3}.Debug|Any CPU.ActiveCfg = Debug|Any CPU
		{5F43E4A8-F2B5-47B0-9673-1EAAE1293FA3}.Debug|Any CPU.Build.0 = Debug|Any CPU
		{5F43E4A8-F2B5-47B0-9673-1EAAE1293FA3}.Release|Any CPU.ActiveCfg = Release|Any CPU
		{5F43E4A8-F2B5-47B0-9673-1EAAE1293FA3}.Release|Any CPU.Build.0 = Release|Any CPU
		{E3FC66F1-6DCD-421A-9444-9B5FF93A6F8D}.Debug|Any CPU.ActiveCfg = Debug|Any CPU
		{E3FC66F1-6DCD-421A-9444-9B5FF93A6F8D}.Debug|Any CPU.Build.0 = Debug|Any CPU
		{E3FC66F1-6DCD-421A-9444-9B5FF93A6F8D}.Release|Any CPU.ActiveCfg = Release|Any CPU
		{E3FC66F1-6DCD-421A-9444-9B5FF93A6F8D}.Release|Any CPU.Build.0 = Release|Any CPU
	EndGlobalSection
	GlobalSection(SolutionProperties) = preSolution
		HideSolutionNode = FALSE
	EndGlobalSection
EndGlobal
